
Microsoft Visual Studio Solution File, Format Version 12.00
# Visual Studio Version 17
VisualStudioVersion = 17.7.34031.279
MinimumVisualStudioVersion = 10.0.40219.1
Project("{FAE04EC0-301F-11D3-BF4B-00C04F79EFBC}") = "qr_code_resimsiz", "qr_code_resimsiz\qr_code_resimsiz.csproj", "{DB72B823-2130-4E10-B43B-D5B4684E155D}"
EndProject
Global
	GlobalSection(SolutionConfigurationPlatforms) = preSolution
		Debug|Any CPU = Debug|Any CPU
		Release|Any CPU = Release|Any CPU
	EndGlobalSection
	GlobalSection(ProjectConfigurationPlatforms) = postSolution
		{DB72B823-2130-4E10-B43B-D5B4684E155D}.Debug|Any CPU.ActiveCfg = Debug|Any CPU
		{DB72B823-2130-4E10-B43B-D5B4684E155D}.Debug|Any CPU.Build.0 = Debug|Any CPU
		{DB72B823-2130-4E10-B43B-D5B4684E155D}.Release|Any CPU.ActiveCfg = Release|Any CPU
		{DB72B823-2130-4E10-B43B-D5B4684E155D}.Release|Any CPU.Build.0 = Release|Any CPU
	EndGlobalSection
	GlobalSection(SolutionProperties) = preSolution
		HideSolutionNode = FALSE
	EndGlobalSection
	GlobalSection(ExtensibilityGlobals) = postSolution
		SolutionGuid = {A625DFBC-DA59-4171-999E-D0DB350E899A}
	EndGlobalSection
EndGlobal
